
Microsoft Visual Studio Solution File, Format Version 12.00
# Visual Studio Version 16
VisualStudioVersion = 16.0.31624.102
MinimumVisualStudioVersion = 10.0.40219.1
Project("{9A19103F-16F7-4668-BE54-9A1E7A4F7556}") = "HiddenVilla_Server", "HiddenVilla_Server\HiddenVilla_Server.csproj", "{AC7EEAE9-EECB-448A-964B-29C8DB3884A9}"
EndProject
Project("{FAE04EC0-301F-11D3-BF4B-00C04F79EFBC}") = "Business", "Business\Business.csproj", "{9BF6539F-1B1D-437F-BC14-CE06948FD8A3}"
EndProject
Project("{FAE04EC0-301F-11D3-BF4B-00C04F79EFBC}") = "Common", "Common\Common.csproj", "{606CD573-7FAD-4BA7-8277-4496D140739D}"
EndProject
Project("{FAE04EC0-301F-11D3-BF4B-00C04F79EFBC}") = "DataAccess", "DataAccess\DataAccess.csproj", "{84CD4F6C-04C8-4AD6-815A-F3F7A4C835A6}"
EndProject
Project("{FAE04EC0-301F-11D3-BF4B-00C04F79EFBC}") = "Models", "Models\Models.csproj", "{EC90F27A-CDB8-46AF-A1C9-CADBD8FCE607}"
EndProject
Global
	GlobalSection(SolutionConfigurationPlatforms) = preSolution
		Debug|Any CPU = Debug|Any CPU
		Release|Any CPU = Release|Any CPU
	EndGlobalSection
	GlobalSection(ProjectConfigurationPlatforms) = postSolution
		{AC7EEAE9-EECB-448A-964B-29C8DB3884A9}.Debug|Any CPU.ActiveCfg = Debug|Any CPU
		{AC7EEAE9-EECB-448A-964B-29C8DB3884A9}.Debug|Any CPU.Build.0 = Debug|Any CPU
		{AC7EEAE9-EECB-448A-964B-29C8DB3884A9}.Release|Any CPU.ActiveCfg = Release|Any CPU
		{AC7EEAE9-EECB-448A-964B-29C8DB3884A9}.Release|Any CPU.Build.0 = Release|Any CPU
		{9BF6539F-1B1D-437F-BC14-CE06948FD8A3}.Debug|Any CPU.ActiveCfg = Debug|Any CPU
		{9BF6539F-1B1D-437F-BC14-CE06948FD8A3}.Debug|Any CPU.Build.0 = Debug|Any CPU
		{9BF6539F-1B1D-437F-BC14-CE06948FD8A3}.Release|Any CPU.ActiveCfg = Release|Any CPU
		{9BF6539F-1B1D-437F-BC14-CE06948FD8A3}.Release|Any CPU.Build.0 = Release|Any CPU
		{606CD573-7FAD-4BA7-8277-4496D140739D}.Debug|Any CPU.ActiveCfg = Debug|Any CPU
		{606CD573-7FAD-4BA7-8277-4496D140739D}.Debug|Any CPU.Build.0 = Debug|Any CPU
		{606CD573-7FAD-4BA7-8277-4496D140739D}.Release|Any CPU.ActiveCfg = Release|Any CPU
		{606CD573-7FAD-4BA7-8277-4496D140739D}.Release|Any CPU.Build.0 = Release|Any CPU
		{84CD4F6C-04C8-4AD6-815A-F3F7A4C835A6}.Debug|Any CPU.ActiveCfg = Debug|Any CPU
		{84CD4F6C-04C8-4AD6-815A-F3F7A4C835A6}.Debug|Any CPU.Build.0 = Debug|Any CPU
		{84CD4F6C-04C8-4AD6-815A-F3F7A4C835A6}.Release|Any CPU.ActiveCfg = Release|Any CPU
		{84CD4F6C-04C8-4AD6-815A-F3F7A4C835A6}.Release|Any CPU.Build.0 = Release|Any CPU
		{EC90F27A-CDB8-46AF-A1C9-CADBD8FCE607}.Debug|Any CPU.ActiveCfg = Debug|Any CPU
		{EC90F27A-CDB8-46AF-A1C9-CADBD8FCE607}.Debug|Any CPU.Build.0 = Debug|Any CPU
		{EC90F27A-CDB8-46AF-A1C9-CADBD8FCE607}.Release|Any CPU.ActiveCfg = Release|Any CPU
		{EC90F27A-CDB8-46AF-A1C9-CADBD8FCE607}.Release|Any CPU.Build.0 = Release|Any CPU
	EndGlobalSection
	GlobalSection(SolutionProperties) = preSolution
		HideSolutionNode = FALSE
	EndGlobalSection
	GlobalSection(ExtensibilityGlobals) = postSolution
		SolutionGuid = {FE9AAA54-FD8D-4C56-8642-22EF3099A239}
	EndGlobalSection
EndGlobal
